
Microsoft Visual Studio Solution File, Format Version 12.00
# Visual Studio Version 17
VisualStudioVersion = 17.7.34009.444
MinimumVisualStudioVersion = 10.0.40219.1
Project("{2150E333-8FDC-42A3-9474-1A3956D46DE8}") = "Configuration", "Configuration", "{F61F50C9-6428-4BE7-AE39-DF333029D19E}"
	ProjectSection(SolutionItems) = preProject
		..\.gitignore = ..\.gitignore
		clean.ps1 = clean.ps1
		..\codecov.yml = ..\codecov.yml
		Directory.Build.props = Directory.Build.props
		Directory.Packages.props = Directory.Packages.props
		local-deploy.ps1 = local-deploy.ps1
		NuGet.config = NuGet.config
	EndProjectSection
EndProject
Project("{2150E333-8FDC-42A3-9474-1A3956D46DE8}") = "Docs", "Docs", "{30523791-68C8-4A99-8D90-729BD4ACA34E}"
	ProjectSection(SolutionItems) = preProject
		..\CHANGELOG.md = ..\CHANGELOG.md
		..\README.md = ..\README.md
	EndProjectSection
EndProject
Project("{2150E333-8FDC-42A3-9474-1A3956D46DE8}") = "Src", "Src", "{62124109-EF94-44B8-9C30-1D631E0CE06C}"
EndProject
Project("{2150E333-8FDC-42A3-9474-1A3956D46DE8}") = "Tests", "Tests", "{AD8EC989-672F-4D04-892D-026D71D9EC83}"
EndProject
Project("{2150E333-8FDC-42A3-9474-1A3956D46DE8}") = "Examples", "Examples", "{E7177480-AEAE-4717-AC94-71DA1884AA88}"
EndProject
Project("{9A19103F-16F7-4668-BE54-9A1E7A4F7556}") = "PackSite.Library.Pipelining.Tests", "PackSite.Library.Pipelining.Tests\PackSite.Library.Pipelining.Tests.csproj", "{0128B814-76DB-4085-8511-4143B44C3AE9}"
EndProject
Project("{9A19103F-16F7-4668-BE54-9A1E7A4F7556}") = "PackSite.Library.Pipelining", "PackSite.Library.Pipelining\PackSite.Library.Pipelining.csproj", "{D4506815-9E5D-4188-A902-2A87A8AE0B93}"
EndProject
Project("{2150E333-8FDC-42A3-9474-1A3956D46DE8}") = "Workflows", "Workflows", "{5A7E0309-C577-454B-A925-8ACCDAEDC815}"
	ProjectSection(SolutionItems) = preProject
		..\.github\workflows\CD-GitHub.yml = ..\.github\workflows\CD-GitHub.yml
		..\.github\workflows\CD-NuGet.yml = ..\.github\workflows\CD-NuGet.yml
		..\.github\workflows\CI.yml = ..\.github\workflows\CI.yml
		..\.github\workflows\delete-old-workflows.yml = ..\.github\workflows\delete-old-workflows.yml
	EndProjectSection
EndProject
Project("{9A19103F-16F7-4668-BE54-9A1E7A4F7556}") = "PackSite.Library.Pipelining.Abstractions", "PackSite.Library.Pipelining.Abstractions\PackSite.Library.Pipelining.Abstractions.csproj", "{785A0E69-DDA1-4833-BFC2-2C3B9AB12673}"
EndProject
Project("{9A19103F-16F7-4668-BE54-9A1E7A4F7556}") = "PackSite.Library.Pipelining.Configuration", "PackSite.Library.Pipelining.Configuration\PackSite.Library.Pipelining.Configuration.csproj", "{2E4D1423-591E-4394-8CD7-A693AE4AF138}"
EndProject
Project("{9A19103F-16F7-4668-BE54-9A1E7A4F7556}") = "AppConfigurationExample", "..\examples\AppConfigurationExample\AppConfigurationExample.csproj", "{E91422D8-FFB8-4BDE-B9B6-511342C58D2D}"
EndProject
Project("{9A19103F-16F7-4668-BE54-9A1E7A4F7556}") = "SimpleExample", "..\examples\SimpleExample\SimpleExample.csproj", "{71E521D2-36E2-4553-91C2-4C03311065A2}"
EndProject
Project("{9A19103F-16F7-4668-BE54-9A1E7A4F7556}") = "PipelineInitializerExample", "..\examples\PipelineInitializerExample\PipelineInitializerExample.csproj", "{086D95CE-3255-4212-AF65-E3DA590F01F0}"
EndProject
Project("{9A19103F-16F7-4668-BE54-9A1E7A4F7556}") = "SubPipelineExample", "..\examples\SubPipelineExample\SubPipelineExample.csproj", "{B0FFF4AF-2A3D-425D-B396-59B0309C265E}"
EndProject
Project("{9A19103F-16F7-4668-BE54-9A1E7A4F7556}") = "WeirdExample", "..\examples\WeirdExample\WeirdExample.csproj", "{4B5A5571-83D2-49B2-AFBA-3C4F234B8A3A}"
EndProject
Project("{2150E333-8FDC-42A3-9474-1A3956D46DE8}") = "Benchmarks", "Benchmarks", "{354F484B-94AA-433C-9711-006E3A588F07}"
EndProject
Project("{9A19103F-16F7-4668-BE54-9A1E7A4F7556}") = "InvocationPerformanceBenchmark", "..\benchmarks\InvocationPerformanceBenchmark\InvocationPerformanceBenchmark.csproj", "{2379E7E1-4ECB-4383-9837-C2EA9C196852}"
EndProject
Global
	GlobalSection(SolutionConfigurationPlatforms) = preSolution
		Debug|Any CPU = Debug|Any CPU
		Debug|x64 = Debug|x64
		Debug|x86 = Debug|x86
		Release|Any CPU = Release|Any CPU
		Release|x64 = Release|x64
		Release|x86 = Release|x86
	EndGlobalSection
	GlobalSection(ProjectConfigurationPlatforms) = postSolution
		{0128B814-76DB-4085-8511-4143B44C3AE9}.Debug|Any CPU.ActiveCfg = Debug|Any CPU
		{0128B814-76DB-4085-8511-4143B44C3AE9}.Debug|Any CPU.Build.0 = Debug|Any CPU
		{0128B814-76DB-4085-8511-4143B44C3AE9}.Debug|x64.ActiveCfg = Debug|x64
		{0128B814-76DB-4085-8511-4143B44C3AE9}.Debug|x64.Build.0 = Debug|x64
		{0128B814-76DB-4085-8511-4143B44C3AE9}.Debug|x86.ActiveCfg = Debug|x86
		{0128B814-76DB-4085-8511-4143B44C3AE9}.Debug|x86.Build.0 = Debug|x86
		{0128B814-76DB-4085-8511-4143B44C3AE9}.Release|Any CPU.ActiveCfg = Release|Any CPU
		{0128B814-76DB-4085-8511-4143B44C3AE9}.Release|Any CPU.Build.0 = Release|Any CPU
		{0128B814-76DB-4085-8511-4143B44C3AE9}.Release|x64.ActiveCfg = Release|x64
		{0128B814-76DB-4085-8511-4143B44C3AE9}.Release|x64.Build.0 = Release|x64
		{0128B814-76DB-4085-8511-4143B44C3AE9}.Release|x86.ActiveCfg = Release|x86
		{0128B814-76DB-4085-8511-4143B44C3AE9}.Release|x86.Build.0 = Release|x86
		{D4506815-9E5D-4188-A902-2A87A8AE0B93}.Debug|Any CPU.ActiveCfg = Debug|Any CPU
		{D4506815-9E5D-4188-A902-2A87A8AE0B93}.Debug|Any CPU.Build.0 = Debug|Any CPU
		{D4506815-9E5D-4188-A902-2A87A8AE0B93}.Debug|x64.ActiveCfg = Debug|x64
		{D4506815-9E5D-4188-A902-2A87A8AE0B93}.Debug|x64.Build.0 = Debug|x64
		{D4506815-9E5D-4188-A902-2A87A8AE0B93}.Debug|x86.ActiveCfg = Debug|x86
		{D4506815-9E5D-4188-A902-2A87A8AE0B93}.Debug|x86.Build.0 = Debug|x86
		{D4506815-9E5D-4188-A902-2A87A8AE0B93}.Release|Any CPU.ActiveCfg = Release|Any CPU
		{D4506815-9E5D-4188-A902-2A87A8AE0B93}.Release|Any CPU.Build.0 = Release|Any CPU
		{D4506815-9E5D-4188-A902-2A87A8AE0B93}.Release|x64.ActiveCfg = Release|x64
		{D4506815-9E5D-4188-A902-2A87A8AE0B93}.Release|x64.Build.0 = Release|x64
		{D4506815-9E5D-4188-A902-2A87A8AE0B93}.Release|x86.ActiveCfg = Release|x86
		{D4506815-9E5D-4188-A902-2A87A8AE0B93}.Release|x86.Build.0 = Release|x86
		{785A0E69-DDA1-4833-BFC2-2C3B9AB12673}.Debug|Any CPU.ActiveCfg = Debug|Any CPU
		{785A0E69-DDA1-4833-BFC2-2C3B9AB12673}.Debug|Any CPU.Build.0 = Debug|Any CPU
		{785A0E69-DDA1-4833-BFC2-2C3B9AB12673}.Debug|x64.ActiveCfg = Debug|x64
		{785A0E69-DDA1-4833-BFC2-2C3B9AB12673}.Debug|x64.Build.0 = Debug|x64
		{785A0E69-DDA1-4833-BFC2-2C3B9AB12673}.Debug|x86.ActiveCfg = Debug|x86
		{785A0E69-DDA1-4833-BFC2-2C3B9AB12673}.Debug|x86.Build.0 = Debug|x86
		{785A0E69-DDA1-4833-BFC2-2C3B9AB12673}.Release|Any CPU.ActiveCfg = Release|Any CPU
		{785A0E69-DDA1-4833-BFC2-2C3B9AB12673}.Release|Any CPU.Build.0 = Release|Any CPU
		{785A0E69-DDA1-4833-BFC2-2C3B9AB12673}.Release|x64.ActiveCfg = Release|x64
		{785A0E69-DDA1-4833-BFC2-2C3B9AB12673}.Release|x64.Build.0 = Release|x64
		{785A0E69-DDA1-4833-BFC2-2C3B9AB12673}.Release|x86.ActiveCfg = Release|x86
		{785A0E69-DDA1-4833-BFC2-2C3B9AB12673}.Release|x86.Build.0 = Release|x86
		{2E4D1423-591E-4394-8CD7-A693AE4AF138}.Debug|Any CPU.ActiveCfg = Debug|Any CPU
		{2E4D1423-591E-4394-8CD7-A693AE4AF138}.Debug|Any CPU.Build.0 = Debug|Any CPU
		{2E4D1423-591E-4394-8CD7-A693AE4AF138}.Debug|x64.ActiveCfg = Debug|x64
		{2E4D1423-591E-4394-8CD7-A693AE4AF138}.Debug|x64.Build.0 = Debug|x64
		{2E4D1423-591E-4394-8CD7-A693AE4AF138}.Debug|x86.ActiveCfg = Debug|x86
		{2E4D1423-591E-4394-8CD7-A693AE4AF138}.Debug|x86.Build.0 = Debug|x86
		{2E4D1423-591E-4394-8CD7-A693AE4AF138}.Release|Any CPU.ActiveCfg = Release|Any CPU
		{2E4D1423-591E-4394-8CD7-A693AE4AF138}.Release|Any CPU.Build.0 = Release|Any CPU
		{2E4D1423-591E-4394-8CD7-A693AE4AF138}.Release|x64.ActiveCfg = Release|x64
		{2E4D1423-591E-4394-8CD7-A693AE4AF138}.Release|x64.Build.0 = Release|x64
		{2E4D1423-591E-4394-8CD7-A693AE4AF138}.Release|x86.ActiveCfg = Release|x86
		{2E4D1423-591E-4394-8CD7-A693AE4AF138}.Release|x86.Build.0 = Release|x86
		{E91422D8-FFB8-4BDE-B9B6-511342C58D2D}.Debug|Any CPU.ActiveCfg = Debug|Any CPU
		{E91422D8-FFB8-4BDE-B9B6-511342C58D2D}.Debug|Any CPU.Build.0 = Debug|Any CPU
		{E91422D8-FFB8-4BDE-B9B6-511342C58D2D}.Debug|x64.ActiveCfg = Debug|Any CPU
		{E91422D8-FFB8-4BDE-B9B6-511342C58D2D}.Debug|x64.Build.0 = Debug|Any CPU
		{E91422D8-FFB8-4BDE-B9B6-511342C58D2D}.Debug|x86.ActiveCfg = Debug|Any CPU
		{E91422D8-FFB8-4BDE-B9B6-511342C58D2D}.Debug|x86.Build.0 = Debug|Any CPU
		{E91422D8-FFB8-4BDE-B9B6-511342C58D2D}.Release|Any CPU.ActiveCfg = Release|Any CPU
		{E91422D8-FFB8-4BDE-B9B6-511342C58D2D}.Release|Any CPU.Build.0 = Release|Any CPU
		{E91422D8-FFB8-4BDE-B9B6-511342C58D2D}.Release|x64.ActiveCfg = Release|Any CPU
		{E91422D8-FFB8-4BDE-B9B6-511342C58D2D}.Release|x64.Build.0 = Release|Any CPU
		{E91422D8-FFB8-4BDE-B9B6-511342C58D2D}.Release|x86.ActiveCfg = Release|Any CPU
		{E91422D8-FFB8-4BDE-B9B6-511342C58D2D}.Release|x86.Build.0 = Release|Any CPU
		{71E521D2-36E2-4553-91C2-4C03311065A2}.Debug|Any CPU.ActiveCfg = Debug|Any CPU
		{71E521D2-36E2-4553-91C2-4C03311065A2}.Debug|Any CPU.Build.0 = Debug|Any CPU
		{71E521D2-36E2-4553-91C2-4C03311065A2}.Debug|x64.ActiveCfg = Debug|Any CPU
		{71E521D2-36E2-4553-91C2-4C03311065A2}.Debug|x64.Build.0 = Debug|Any CPU
		{71E521D2-36E2-4553-91C2-4C03311065A2}.Debug|x86.ActiveCfg = Debug|Any CPU
		{71E521D2-36E2-4553-91C2-4C03311065A2}.Debug|x86.Build.0 = Debug|Any CPU
		{71E521D2-36E2-4553-91C2-4C03311065A2}.Release|Any CPU.ActiveCfg = Release|Any CPU
		{71E521D2-36E2-4553-91C2-4C03311065A2}.Release|Any CPU.Build.0 = Release|Any CPU
		{71E521D2-36E2-4553-91C2-4C03311065A2}.Release|x64.ActiveCfg = Release|Any CPU
		{71E521D2-36E2-4553-91C2-4C03311065A2}.Release|x64.Build.0 = Release|Any CPU
		{71E521D2-36E2-4553-91C2-4C03311065A2}.Release|x86.ActiveCfg = Release|Any CPU
		{71E521D2-36E2-4553-91C2-4C03311065A2}.Release|x86.Build.0 = Release|Any CPU
		{086D95CE-3255-4212-AF65-E3DA590F01F0}.Debug|Any CPU.ActiveCfg = Debug|Any CPU
		{086D95CE-3255-4212-AF65-E3DA590F01F0}.Debug|Any CPU.Build.0 = Debug|Any CPU
		{086D95CE-3255-4212-AF65-E3DA590F01F0}.Debug|x64.ActiveCfg = Debug|Any CPU
		{086D95CE-3255-4212-AF65-E3DA590F01F0}.Debug|x64.Build.0 = Debug|Any CPU
		{086D95CE-3255-4212-AF65-E3DA590F01F0}.Debug|x86.ActiveCfg = Debug|Any CPU
		{086D95CE-3255-4212-AF65-E3DA590F01F0}.Debug|x86.Build.0 = Debug|Any CPU
		{086D95CE-3255-4212-AF65-E3DA590F01F0}.Release|Any CPU.ActiveCfg = Release|Any CPU
		{086D95CE-3255-4212-AF65-E3DA590F01F0}.Release|Any CPU.Build.0 = Release|Any CPU
		{086D95CE-3255-4212-AF65-E3DA590F01F0}.Release|x64.ActiveCfg = Release|Any CPU
		{086D95CE-3255-4212-AF65-E3DA590F01F0}.Release|x64.Build.0 = Release|Any CPU
		{086D95CE-3255-4212-AF65-E3DA590F01F0}.Release|x86.ActiveCfg = Release|Any CPU
		{086D95CE-3255-4212-AF65-E3DA590F01F0}.Release|x86.Build.0 = Release|Any CPU
		{B0FFF4AF-2A3D-425D-B396-59B0309C265E}.Debug|Any CPU.ActiveCfg = Debug|Any CPU
		{B0FFF4AF-2A3D-425D-B396-59B0309C265E}.Debug|Any CPU.Build.0 = Debug|Any CPU
		{B0FFF4AF-2A3D-425D-B396-59B0309C265E}.Debug|x64.ActiveCfg = Debug|Any CPU
		{B0FFF4AF-2A3D-425D-B396-59B0309C265E}.Debug|x64.Build.0 = Debug|Any CPU
		{B0FFF4AF-2A3D-425D-B396-59B0309C265E}.Debug|x86.ActiveCfg = Debug|Any CPU
		{B0FFF4AF-2A3D-425D-B396-59B0309C265E}.Debug|x86.Build.0 = Debug|Any CPU
		{B0FFF4AF-2A3D-425D-B396-59B0309C265E}.Release|Any CPU.ActiveCfg = Release|Any CPU
		{B0FFF4AF-2A3D-425D-B396-59B0309C265E}.Release|Any CPU.Build.0 = Release|Any CPU
		{B0FFF4AF-2A3D-425D-B396-59B0309C265E}.Release|x64.ActiveCfg = Release|Any CPU
		{B0FFF4AF-2A3D-425D-B396-59B0309C265E}.Release|x64.Build.0 = Release|Any CPU
		{B0FFF4AF-2A3D-425D-B396-59B0309C265E}.Release|x86.ActiveCfg = Release|Any CPU
		{B0FFF4AF-2A3D-425D-B396-59B0309C265E}.Release|x86.Build.0 = Release|Any CPU
		{4B5A5571-83D2-49B2-AFBA-3C4F234B8A3A}.Debug|Any CPU.ActiveCfg = Debug|Any CPU
		{4B5A5571-83D2-49B2-AFBA-3C4F234B8A3A}.Debug|Any CPU.Build.0 = Debug|Any CPU
		{4B5A5571-83D2-49B2-AFBA-3C4F234B8A3A}.Debug|x64.ActiveCfg = Debug|Any CPU
		{4B5A5571-83D2-49B2-AFBA-3C4F234B8A3A}.Debug|x64.Build.0 = Debug|Any CPU
		{4B5A5571-83D2-49B2-AFBA-3C4F234B8A3A}.Debug|x86.ActiveCfg = Debug|Any CPU
		{4B5A5571-83D2-49B2-AFBA-3C4F234B8A3A}.Debug|x86.Build.0 = Debug|Any CPU
		{4B5A5571-83D2-49B2-AFBA-3C4F234B8A3A}.Release|Any CPU.ActiveCfg = Release|Any CPU
		{4B5A5571-83D2-49B2-AFBA-3C4F234B8A3A}.Release|Any CPU.Build.0 = Release|Any CPU
		{4B5A5571-83D2-49B2-AFBA-3C4F234B8A3A}.Release|x64.ActiveCfg = Release|Any CPU
		{4B5A5571-83D2-49B2-AFBA-3C4F234B8A3A}.Release|x64.Build.0 = Release|Any CPU
		{4B5A5571-83D2-49B2-AFBA-3C4F234B8A3A}.Release|x86.ActiveCfg = Release|Any CPU
		{4B5A5571-83D2-49B2-AFBA-3C4F234B8A3A}.Release|x86.Build.0 = Release|Any CPU
		{2379E7E1-4ECB-4383-9837-C2EA9C196852}.Debug|Any CPU.ActiveCfg = Debug|Any CPU
		{2379E7E1-4ECB-4383-9837-C2EA9C196852}.Debug|Any CPU.Build.0 = Debug|Any CPU
		{2379E7E1-4ECB-4383-9837-C2EA9C196852}.Debug|x64.ActiveCfg = Debug|Any CPU
		{2379E7E1-4ECB-4383-9837-C2EA9C196852}.Debug|x64.Build.0 = Debug|Any CPU
		{2379E7E1-4ECB-4383-9837-C2EA9C196852}.Debug|x86.ActiveCfg = Debug|Any CPU
		{2379E7E1-4ECB-4383-9837-C2EA9C196852}.Debug|x86.Build.0 = Debug|Any CPU
		{2379E7E1-4ECB-4383-9837-C2EA9C196852}.Release|Any CPU.ActiveCfg = Release|Any CPU
		{2379E7E1-4ECB-4383-9837-C2EA9C196852}.Release|Any CPU.Build.0 = Release|Any CPU
		{2379E7E1-4ECB-4383-9837-C2EA9C196852}.Release|x64.ActiveCfg = Release|Any CPU
		{2379E7E1-4ECB-4383-9837-C2EA9C196852}.Release|x64.Build.0 = Release|Any CPU
		{2379E7E1-4ECB-4383-9837-C2EA9C196852}.Release|x86.ActiveCfg = Release|Any CPU
		{2379E7E1-4ECB-4383-9837-C2EA9C196852}.Release|x86.Build.0 = Release|Any CPU
	EndGlobalSection
	GlobalSection(SolutionProperties) = preSolution
		HideSolutionNode = FALSE
	EndGlobalSection
	GlobalSection(NestedProjects) = preSolution
		{0128B814-76DB-4085-8511-4143B44C3AE9} = {AD8EC989-672F-4D04-892D-026D71D9EC83}
		{D4506815-9E5D-4188-A902-2A87A8AE0B93} = {62124109-EF94-44B8-9C30-1D631E0CE06C}
		{5A7E0309-C577-454B-A925-8ACCDAEDC815} = {F61F50C9-6428-4BE7-AE39-DF333029D19E}
		{785A0E69-DDA1-4833-BFC2-2C3B9AB12673} = {62124109-EF94-44B8-9C30-1D631E0CE06C}
		{2E4D1423-591E-4394-8CD7-A693AE4AF138} = {62124109-EF94-44B8-9C30-1D631E0CE06C}
		{E91422D8-FFB8-4BDE-B9B6-511342C58D2D} = {E7177480-AEAE-4717-AC94-71DA1884AA88}
		{71E521D2-36E2-4553-91C2-4C03311065A2} = {E7177480-AEAE-4717-AC94-71DA1884AA88}
		{086D95CE-3255-4212-AF65-E3DA590F01F0} = {E7177480-AEAE-4717-AC94-71DA1884AA88}
		{B0FFF4AF-2A3D-425D-B396-59B0309C265E} = {E7177480-AEAE-4717-AC94-71DA1884AA88}
		{4B5A5571-83D2-49B2-AFBA-3C4F234B8A3A} = {E7177480-AEAE-4717-AC94-71DA1884AA88}
		{2379E7E1-4ECB-4383-9837-C2EA9C196852} = {354F484B-94AA-433C-9711-006E3A588F07}
	EndGlobalSection
	GlobalSection(ExtensibilityGlobals) = postSolution
		SolutionGuid = {11986FC9-BE93-49E2-AC90-F4C6028A7E6E}
	EndGlobalSection
EndGlobal
